// !$*UTF8*$!
{
	archiveVersion = 1;
	classes = {
	};
	objectVersion = 46;
	objects = {

/* Begin PBXBuildFile section */
		B29D1A621711FE2500610350 /* UIKit.framework in Frameworks */ = {isa = PBXBuildFile; fileRef = B29D1A611711FE2500610350 /* UIKit.framework */; };
		B29D1A661711FE2500610350 /* CoreGraphics.framework in Frameworks */ = {isa = PBXBuildFile; fileRef = B29D1A651711FE2500610350 /* CoreGraphics.framework */; };
		B29D1A6C1711FE2500610350 /* InfoPlist.strings in Resources */ = {isa = PBXBuildFile; fileRef = B29D1A6A1711FE2500610350 /* InfoPlist.strings */; };
		B29D1A6E1711FE2500610350 /* main.m in Sources */ = {isa = PBXBuildFile; fileRef = B29D1A6D1711FE2500610350 /* main.m */; };
		B29D1A721711FE2500610350 /* AppDelegate.m in Sources */ = {isa = PBXBuildFile; fileRef = B29D1A711711FE2500610350 /* AppDelegate.m */; };
		B29D1A741711FE2500610350 /* Default.png in Resources */ = {isa = PBXBuildFile; fileRef = B29D1A731711FE2500610350 /* Default.png */; };
		B29D1A761711FE2500610350 /* Default@2x.png in Resources */ = {isa = PBXBuildFile; fileRef = B29D1A751711FE2500610350 /* Default@2x.png */; };
		B29D1A781711FE2500610350 /* Default-568h@2x.png in Resources */ = {isa = PBXBuildFile; fileRef = B29D1A771711FE2500610350 /* Default-568h@2x.png */; };
		B29D1A7B1711FE2500610350 /* MainStoryboard.storyboard in Resources */ = {isa = PBXBuildFile; fileRef = B29D1A791711FE2500610350 /* MainStoryboard.storyboard */; };
		B29D1A7E1711FE2500610350 /* ViewController.m in Sources */ = {isa = PBXBuildFile; fileRef = B29D1A7D1711FE2500610350 /* ViewController.m */; };
		B29D1A851711FEB600610350 /* MediaPlayer.framework in Frameworks */ = {isa = PBXBuildFile; fileRef = B29D1A841711FEB600610350 /* MediaPlayer.framework */; };
		B2B6945B1714A70C00F03682 /* Foundation.framework in Frameworks */ = {isa = PBXBuildFile; fileRef = B29D1A631711FE2500610350 /* Foundation.framework */; };
		B2FBEFA717146C53005EB9B3 /* NextButton.png in Resources */ = {isa = PBXBuildFile; fileRef = B2FBEFA217146C52005EB9B3 /* NextButton.png */; };
		B2FBEFA817146C53005EB9B3 /* noArtworkImage.png in Resources */ = {isa = PBXBuildFile; fileRef = B2FBEFA317146C52005EB9B3 /* noArtworkImage.png */; };
		B2FBEFA917146C53005EB9B3 /* pauseButton.png in Resources */ = {isa = PBXBuildFile; fileRef = B2FBEFA417146C52005EB9B3 /* pauseButton.png */; };
		B2FBEFAA17146C53005EB9B3 /* playButton.png in Resources */ = {isa = PBXBuildFile; fileRef = B2FBEFA517146C53005EB9B3 /* playButton.png */; };
		B2FBEFAB17146C53005EB9B3 /* PreviousButton.png in Resources */ = {isa = PBXBuildFile; fileRef = B2FBEFA617146C53005EB9B3 /* PreviousButton.png */; };
		B2FBEFAE17148DE7005EB9B3 /* ResultViewController.m in Sources */ = {isa = PBXBuildFile; fileRef = B2FBEFAD17148DE7005EB9B3 /* ResultViewController.m */; };
		B2FBEFB417149212005EB9B3 /* TaggViewController.m in Sources */ = {isa = PBXBuildFile; fileRef = B2FBEFB317149212005EB9B3 /* TaggViewController.m */; };
		B2FBEFB71714A27A005EB9B3 /* OptionsViewController.m in Sources */ = {isa = PBXBuildFile; fileRef = B2FBEFB61714A27A005EB9B3 /* OptionsViewController.m */; };
/* End PBXBuildFile section */

/* Begin PBXFileReference section */
		B29D1A5E1711FE2500610350 /* MusicSortingApp.app */ = {isa = PBXFileReference; explicitFileType = wrapper.application; includeInIndex = 0; path = MusicSortingApp.app; sourceTree = BUILT_PRODUCTS_DIR; };
		B29D1A611711FE2500610350 /* UIKit.framework */ = {isa = PBXFileReference; lastKnownFileType = wrapper.framework; name = UIKit.framework; path = System/Library/Frameworks/UIKit.framework; sourceTree = SDKROOT; };
		B29D1A631711FE2500610350 /* Foundation.framework */ = {isa = PBXFileReference; lastKnownFileType = wrapper.framework; name = Foundation.framework; path = System/Library/Frameworks/Foundation.framework; sourceTree = SDKROOT; };
		B29D1A651711FE2500610350 /* CoreGraphics.framework */ = {isa = PBXFileReference; lastKnownFileType = wrapper.framework; name = CoreGraphics.framework; path = System/Library/Frameworks/CoreGraphics.framework; sourceTree = SDKROOT; };
		B29D1A691711FE2500610350 /* MusicSortingAPP-Info.plist */ = {isa = PBXFileReference; lastKnownFileType = text.plist.xml; path = "MusicSortingAPP-Info.plist"; sourceTree = "<group>"; };
		B29D1A6B1711FE2500610350 /* en */ = {isa = PBXFileReference; lastKnownFileType = text.plist.strings; name = en; path = en.lproj/InfoPlist.strings; sourceTree = "<group>"; };
		B29D1A6D1711FE2500610350 /* main.m */ = {isa = PBXFileReference; lastKnownFileType = sourcecode.c.objc; path = main.m; sourceTree = "<group>"; };
		B29D1A6F1711FE2500610350 /* MusicSortingAPP-Prefix.pch */ = {isa = PBXFileReference; lastKnownFileType = sourcecode.c.h; path = "MusicSortingAPP-Prefix.pch"; sourceTree = "<group>"; };
		B29D1A701711FE2500610350 /* AppDelegate.h */ = {isa = PBXFileReference; lastKnownFileType = sourcecode.c.h; path = AppDelegate.h; sourceTree = "<group>"; };
		B29D1A711711FE2500610350 /* AppDelegate.m */ = {isa = PBXFileReference; lastKnownFileType = sourcecode.c.objc; path = AppDelegate.m; sourceTree = "<group>"; };
		B29D1A731711FE2500610350 /* Default.png */ = {isa = PBXFileReference; lastKnownFileType = image.png; path = Default.png; sourceTree = "<group>"; };
		B29D1A751711FE2500610350 /* Default@2x.png */ = {isa = PBXFileReference; lastKnownFileType = image.png; path = "Default@2x.png"; sourceTree = "<group>"; };
		B29D1A771711FE2500610350 /* Default-568h@2x.png */ = {isa = PBXFileReference; lastKnownFileType = image.png; path = "Default-568h@2x.png"; sourceTree = "<group>"; };
		B29D1A7A1711FE2500610350 /* en */ = {isa = PBXFileReference; lastKnownFileType = file.storyboard; name = en; path = en.lproj/MainStoryboard.storyboard; sourceTree = "<group>"; };
		B29D1A7C1711FE2500610350 /* ViewController.h */ = {isa = PBXFileReference; lastKnownFileType = sourcecode.c.h; path = ViewController.h; sourceTree = "<group>"; };
		B29D1A7D1711FE2500610350 /* ViewController.m */ = {isa = PBXFileReference; lastKnownFileType = sourcecode.c.objc; path = ViewController.m; sourceTree = "<group>"; };
		B29D1A841711FEB600610350 /* MediaPlayer.framework */ = {isa = PBXFileReference; lastKnownFileType = wrapper.framework; name = MediaPlayer.framework; path = System/Library/Frameworks/MediaPlayer.framework; sourceTree = SDKROOT; };
		B29D1A861711FEBB00610350 /* AudioToolbox.framework */ = {isa = PBXFileReference; lastKnownFileType = wrapper.framework; name = AudioToolbox.framework; path = System/Library/Frameworks/AudioToolbox.framework; sourceTree = SDKROOT; };
		B29D1A881711FEC200610350 /* AudioUnit.framework */ = {isa = PBXFileReference; lastKnownFileType = wrapper.framework; name = AudioUnit.framework; path = System/Library/Frameworks/AudioUnit.framework; sourceTree = SDKROOT; };
		B2FBEFA217146C52005EB9B3 /* NextButton.png */ = {isa = PBXFileReference; lastKnownFileType = image.png; path = NextButton.png; sourceTree = "<group>"; };
		B2FBEFA317146C52005EB9B3 /* noArtworkImage.png */ = {isa = PBXFileReference; lastKnownFileType = image.png; path = noArtworkImage.png; sourceTree = "<group>"; };
		B2FBEFA417146C52005EB9B3 /* pauseButton.png */ = {isa = PBXFileReference; lastKnownFileType = image.png; path = pauseButton.png; sourceTree = "<group>"; };
		B2FBEFA517146C53005EB9B3 /* playButton.png */ = {isa = PBXFileReference; lastKnownFileType = image.png; path = playButton.png; sourceTree = "<group>"; };
		B2FBEFA617146C53005EB9B3 /* PreviousButton.png */ = {isa = PBXFileReference; lastKnownFileType = image.png; path = PreviousButton.png; sourceTree = "<group>"; };
		B2FBEFAC17148DE7005EB9B3 /* ResultViewController.h */ = {isa = PBXFileReference; fileEncoding = 4; lastKnownFileType = sourcecode.c.h; path = ResultViewController.h; sourceTree = "<group>"; };
		B2FBEFAD17148DE7005EB9B3 /* ResultViewController.m */ = {isa = PBXFileReference; fileEncoding = 4; lastKnownFileType = sourcecode.c.objc; path = ResultViewController.m; sourceTree = "<group>"; };
		B2FBEFB217149212005EB9B3 /* TaggViewController.h */ = {isa = PBXFileReference; fileEncoding = 4; lastKnownFileType = sourcecode.c.h; path = TaggViewController.h; sourceTree = "<group>"; };
		B2FBEFB317149212005EB9B3 /* TaggViewController.m */ = {isa = PBXFileReference; fileEncoding = 4; lastKnownFileType = sourcecode.c.objc; path = TaggViewController.m; sourceTree = "<group>"; };
		B2FBEFB51714A27A005EB9B3 /* OptionsViewController.h */ = {isa = PBXFileReference; fileEncoding = 4; lastKnownFileType = sourcecode.c.h; path = OptionsViewController.h; sourceTree = "<group>"; };
		B2FBEFB61714A27A005EB9B3 /* OptionsViewController.m */ = {isa = PBXFileReference; fileEncoding = 4; lastKnownFileType = sourcecode.c.objc; path = OptionsViewController.m; sourceTree = "<group>"; };
/* End PBXFileReference section */

/* Begin PBXFrameworksBuildPhase section */
		B29D1A5B1711FE2500610350 /* Frameworks */ = {
			isa = PBXFrameworksBuildPhase;
			buildActionMask = 2147483647;
			files = (
				B2B6945B1714A70C00F03682 /* Foundation.framework in Frameworks */,
				B29D1A851711FEB600610350 /* MediaPlayer.framework in Frameworks */,
				B29D1A621711FE2500610350 /* UIKit.framework in Frameworks */,
				B29D1A661711FE2500610350 /* CoreGraphics.framework in Frameworks */,
			);
			runOnlyForDeploymentPostprocessing = 0;
		};
/* End PBXFrameworksBuildPhase section */

/* Begin PBXGroup section */
		B29D1A551711FE2500610350 = {
			isa = PBXGroup;
			children = (
				B29D1A671711FE2500610350 /* MusicSortingAPP */,
				B29D1A601711FE2500610350 /* Frameworks */,
				B29D1A5F1711FE2500610350 /* Products */,
			);
			sourceTree = "<group>";
		};
		B29D1A5F1711FE2500610350 /* Products */ = {
			isa = PBXGroup;
			children = (
				B29D1A5E1711FE2500610350 /* MusicSortingApp.app */,
			);
			name = Products;
			sourceTree = "<group>";
		};
		B29D1A601711FE2500610350 /* Frameworks */ = {
			isa = PBXGroup;
			children = (
				B29D1A881711FEC200610350 /* AudioUnit.framework */,
				B29D1A861711FEBB00610350 /* AudioToolbox.framework */,
				B29D1A841711FEB600610350 /* MediaPlayer.framework */,
				B29D1A611711FE2500610350 /* UIKit.framework */,
				B29D1A631711FE2500610350 /* Foundation.framework */,
				B29D1A651711FE2500610350 /* CoreGraphics.framework */,
			);
			name = Frameworks;
			sourceTree = "<group>";
		};
		B29D1A671711FE2500610350 /* MusicSortingAPP */ = {
			isa = PBXGroup;
			children = (
				B29D1A701711FE2500610350 /* AppDelegate.h */,
				B29D1A711711FE2500610350 /* AppDelegate.m */,
				B29D1A791711FE2500610350 /* MainStoryboard.storyboard */,
				B2FBEFB51714A27A005EB9B3 /* OptionsViewController.h */,
				B2FBEFB61714A27A005EB9B3 /* OptionsViewController.m */,
				B2FBEFB217149212005EB9B3 /* TaggViewController.h */,
				B2FBEFB317149212005EB9B3 /* TaggViewController.m */,
				B29D1A7C1711FE2500610350 /* ViewController.h */,
				B29D1A7D1711FE2500610350 /* ViewController.m */,
				B2FBEFAC17148DE7005EB9B3 /* ResultViewController.h */,
				B2FBEFAD17148DE7005EB9B3 /* ResultViewController.m */,
				B29D1A681711FE2500610350 /* Supporting Files */,
			);
			path = MusicSortingAPP;
			sourceTree = "<group>";
		};
		B29D1A681711FE2500610350 /* Supporting Files */ = {
			isa = PBXGroup;
			children = (
				B2FBEFA217146C52005EB9B3 /* NextButton.png */,
				B2FBEFA317146C52005EB9B3 /* noArtworkImage.png */,
				B2FBEFA417146C52005EB9B3 /* pauseButton.png */,
				B2FBEFA517146C53005EB9B3 /* playButton.png */,
				B2FBEFA617146C53005EB9B3 /* PreviousButton.png */,
				B29D1A691711FE2500610350 /* MusicSortingAPP-Info.plist */,
				B29D1A6A1711FE2500610350 /* InfoPlist.strings */,
				B29D1A6D1711FE2500610350 /* main.m */,
				B29D1A6F1711FE2500610350 /* MusicSortingAPP-Prefix.pch */,
				B29D1A731711FE2500610350 /* Default.png */,
				B29D1A751711FE2500610350 /* Default@2x.png */,
				B29D1A771711FE2500610350 /* Default-568h@2x.png */,
			);
			name = "Supporting Files";
			sourceTree = "<group>";
		};
/* End PBXGroup section */

/* Begin PBXNativeTarget section */
		B29D1A5D1711FE2500610350 /* MusicSortingAPP */ = {
			isa = PBXNativeTarget;
			buildConfigurationList = B29D1A811711FE2500610350 /* Build configuration list for PBXNativeTarget "MusicSortingAPP" */;
			buildPhases = (
				B29D1A5A1711FE2500610350 /* Sources */,
				B29D1A5B1711FE2500610350 /* Frameworks */,
				B29D1A5C1711FE2500610350 /* Resources */,
			);
			buildRules = (
			);
			dependencies = (
			);
			name = MusicSortingAPP;
			productName = MusicSortingAPP;
			productReference = B29D1A5E1711FE2500610350 /* MusicSortingApp.app */;
			productType = "com.apple.product-type.application";
		};
/* End PBXNativeTarget section */

/* Begin PBXProject section */
		B29D1A561711FE2500610350 /* Project object */ = {
			isa = PBXProject;
			attributes = {
				LastUpgradeCheck = 0460;
				ORGANIZATIONNAME = "Carsten Graf";
			};
			buildConfigurationList = B29D1A591711FE2500610350 /* Build configuration list for PBXProject "MusicSortingAPP" */;
			compatibilityVersion = "Xcode 3.2";
			developmentRegion = English;
			hasScannedForEncodings = 0;
			knownRegions = (
				en,
			);
			mainGroup = B29D1A551711FE2500610350;
			productRefGroup = B29D1A5F1711FE2500610350 /* Products */;
			projectDirPath = "";
			projectRoot = "";
			targets = (
				B29D1A5D1711FE2500610350 /* MusicSortingAPP */,
			);
		};
/* End PBXProject section */

/* Begin PBXResourcesBuildPhase section */
		B29D1A5C1711FE2500610350 /* Resources */ = {
			isa = PBXResourcesBuildPhase;
			buildActionMask = 2147483647;
			files = (
				B29D1A6C1711FE2500610350 /* InfoPlist.strings in Resources */,
				B29D1A741711FE2500610350 /* Default.png in Resources */,
				B29D1A761711FE2500610350 /* Default@2x.png in Resources */,
				B29D1A781711FE2500610350 /* Default-568h@2x.png in Resources */,
				B29D1A7B1711FE2500610350 /* MainStoryboard.storyboard in Resources */,
				B2FBEFA717146C53005EB9B3 /* NextButton.png in Resources */,
				B2FBEFA817146C53005EB9B3 /* noArtworkImage.png in Resources */,
				B2FBEFA917146C53005EB9B3 /* pauseButton.png in Resources */,
				B2FBEFAA17146C53005EB9B3 /* playButton.png in Resources */,
				B2FBEFAB17146C53005EB9B3 /* PreviousButton.png in Resources */,
			);
			runOnlyForDeploymentPostprocessing = 0;
		};
/* End PBXResourcesBuildPhase section */

/* Begin PBXSourcesBuildPhase section */
		B29D1A5A1711FE2500610350 /* Sources */ = {
			isa = PBXSourcesBuildPhase;
			buildActionMask = 2147483647;
			files = (
				B29D1A6E1711FE2500610350 /* main.m in Sources */,
				B29D1A721711FE2500610350 /* AppDelegate.m in Sources */,
				B29D1A7E1711FE2500610350 /* ViewController.m in Sources */,
				B2FBEFAE17148DE7005EB9B3 /* ResultViewController.m in Sources */,
				B2FBEFB417149212005EB9B3 /* TaggViewController.m in Sources */,
				B2FBEFB71714A27A005EB9B3 /* OptionsViewController.m in Sources */,
			);
			runOnlyForDeploymentPostprocessing = 0;
		};
/* End PBXSourcesBuildPhase section */

/* Begin PBXVariantGroup section */
		B29D1A6A1711FE2500610350 /* InfoPlist.strings */ = {
			isa = PBXVariantGroup;
			children = (
				B29D1A6B1711FE2500610350 /* en */,
			);
			name = InfoPlist.strings;
			sourceTree = "<group>";
		};
		B29D1A791711FE2500610350 /* MainStoryboard.storyboard */ = {
			isa = PBXVariantGroup;
			children = (
				B29D1A7A1711FE2500610350 /* en */,
			);
			name = MainStoryboard.storyboard;
			sourceTree = "<group>";
		};
/* End PBXVariantGroup section */

/* Begin XCBuildConfiguration section */
		B29D1A7F1711FE2500610350 /* Debug */ = {
			isa = XCBuildConfiguration;
			buildSettings = {
				ALWAYS_SEARCH_USER_PATHS = NO;
				CLANG_CXX_LANGUAGE_STANDARD = "gnu++0x";
				CLANG_CXX_LIBRARY = "libc++";
				CLANG_ENABLE_OBJC_ARC = YES;
				CLANG_WARN_CONSTANT_CONVERSION = YES;
				CLANG_WARN_EMPTY_BODY = YES;
				CLANG_WARN_ENUM_CONVERSION = YES;
				CLANG_WARN_INT_CONVERSION = YES;
				CLANG_WARN__DUPLICATE_METHOD_MATCH = YES;
				"CODE_SIGN_IDENTITY[sdk=iphoneos*]" = "iPhone Developer";
				COPY_PHASE_STRIP = NO;
				GCC_C_LANGUAGE_STANDARD = gnu99;
				GCC_DYNAMIC_NO_PIC = NO;
				GCC_OPTIMIZATION_LEVEL = 0;
				GCC_PREPROCESSOR_DEFINITIONS = (
					"DEBUG=1",
					"$(inherited)",
				);
				GCC_SYMBOLS_PRIVATE_EXTERN = NO;
				GCC_WARN_ABOUT_RETURN_TYPE = YES;
				GCC_WARN_UNINITIALIZED_AUTOS = YES;
				GCC_WARN_UNUSED_VARIABLE = YES;
				IPHONEOS_DEPLOYMENT_TARGET = 6.1;
				ONLY_ACTIVE_ARCH = YES;
				SDKROOT = iphoneos;
			};
			name = Debug;
		};
		B29D1A801711FE2500610350 /* Release */ = {
			isa = XCBuildConfiguration;
			buildSettings = {
				ALWAYS_SEARCH_USER_PATHS = NO;
				CLANG_CXX_LANGUAGE_STANDARD = "gnu++0x";
				CLANG_CXX_LIBRARY = "libc++";
				CLANG_ENABLE_OBJC_ARC = YES;
				CLANG_WARN_CONSTANT_CONVERSION = YES;
				CLANG_WARN_EMPTY_BODY = YES;
				CLANG_WARN_ENUM_CONVERSION = YES;
				CLANG_WARN_INT_CONVERSION = YES;
				CLANG_WARN__DUPLICATE_METHOD_MATCH = YES;
				"CODE_SIGN_IDENTITY[sdk=iphoneos*]" = "iPhone Developer";
				COPY_PHASE_STRIP = YES;
				GCC_C_LANGUAGE_STANDARD = gnu99;
				GCC_WARN_ABOUT_RETURN_TYPE = YES;
				GCC_WARN_UNINITIALIZED_AUTOS = YES;
				GCC_WARN_UNUSED_VARIABLE = YES;
				IPHONEOS_DEPLOYMENT_TARGET = 6.1;
				OTHER_CFLAGS = "-DNS_BLOCK_ASSERTIONS=1";
				SDKROOT = iphoneos;
				VALIDATE_PRODUCT = YES;
			};
			name = Release;
		};
		B29D1A821711FE2500610350 /* Debug */ = {
			isa = XCBuildConfiguration;
			buildSettings = {
				CODE_SIGN_IDENTITY = "iPhone Developer: Carsten Graf (5B36338CN7)";
				"CODE_SIGN_IDENTITY[sdk=iphoneos*]" = "iPhone Developer: Carsten Graf (5B36338CN7)";
				GCC_PRECOMPILE_PREFIX_HEADER = YES;
				GCC_PREFIX_HEADER = "MusicSortingAPP/MusicSortingAPP-Prefix.pch";
				INFOPLIST_FILE = "MusicSortingAPP/MusicSortingAPP-Info.plist";
				PRODUCT_NAME = MusicSortingApp;
				PROVISIONING_PROFILE = "3DCCDD17-0715-47CE-B098-634AC51CB529";
				"PROVISIONING_PROFILE[sdk=iphoneos*]" = "3DCCDD17-0715-47CE-B098-634AC51CB529";
				WRAPPER_EXTENSION = app;
			};
			name = Debug;
		};
		B29D1A831711FE2500610350 /* Release */ = {
			isa = XCBuildConfiguration;
			buildSettings = {
				CODE_SIGN_IDENTITY = "iPhone Developer: Carsten Graf (5B36338CN7)";
				"CODE_SIGN_IDENTITY[sdk=iphoneos*]" = "iPhone Developer: Carsten Graf (5B36338CN7)";
				GCC_PRECOMPILE_PREFIX_HEADER = YES;
				GCC_PREFIX_HEADER = "MusicSortingAPP/MusicSortingAPP-Prefix.pch";
				INFOPLIST_FILE = "MusicSortingAPP/MusicSortingAPP-Info.plist";
				PRODUCT_NAME = MusicSortingApp;
				PROVISIONING_PROFILE = "3DCCDD17-0715-47CE-B098-634AC51CB529";
				"PROVISIONING_PROFILE[sdk=iphoneos*]" = "3DCCDD17-0715-47CE-B098-634AC51CB529";
				WRAPPER_EXTENSION = app;
			};
			name = Release;
		};
/* End XCBuildConfiguration section */

/* Begin XCConfigurationList section */
		B29D1A591711FE2500610350 /* Build configuration list for PBXProject "MusicSortingAPP" */ = {
			isa = XCConfigurationList;
			buildConfigurations = (
				B29D1A7F1711FE2500610350 /* Debug */,
				B29D1A801711FE2500610350 /* Release */,
			);
			defaultConfigurationIsVisible = 0;
			defaultConfigurationName = Release;
		};
		B29D1A811711FE2500610350 /* Build configuration list for PBXNativeTarget "MusicSortingAPP" */ = {
			isa = XCConfigurationList;
			buildConfigurations = (
				B29D1A821711FE2500610350 /* Debug */,
				B29D1A831711FE2500610350 /* Release */,
			);
			defaultConfigurationIsVisible = 0;
			defaultConfigurationName = Release;
		};
/* End XCConfigurationList section */
	};
	rootObject = B29D1A561711FE2500610350 /* Project object */;
}
